PackratFormat: 1.4
PackratVersion: 0.4.0.12
RVersion: 3.1.1
Repos: CRAN=http://cran.rstudio.com,
    CRANextra=http://www.stats.ox.ac.uk/pub/RWin

Package: car
Source: CRAN
Version: 2.0-20
Hash: c1e8d289e0f1a0b0d34bfdb35681f01e
Requires: MASS, nnet

Package: colorspace
Source: CRAN
Version: 1.2-4
Hash: b775bd08a10f968fef582304b7c3ab9c

Package: dichromat
Source: CRAN
Version: 2.0-0
Hash: 42be2136555fa4b6167605df56d8cd7c

Package: digest
Source: CRAN
Version: 0.6.4
Hash: e4bf0e79b15a352510aff0de905d31e2

Package: gdata
Source: CRAN
Version: 2.13.3
Hash: fa67facdc23542b4056b3a50b5a0fb3c
Requires: gtools

Package: ggplot2
Source: CRAN
Version: 1.0.0
Hash: c8bff66238347472f08b6a35608539ff
Requires: digest, gtable, MASS, plyr, proto, reshape2, scales

Package: gmodels
Source: CRAN
Version: 2.15.4.1
Hash: 58c61741b1ec0e623e66185aab8c7e21
Requires: gdata, MASS

Package: gtable
Source: CRAN
Version: 0.1.2
Hash: 0cf4a2b54c02b35dec7e74a8ebed12a0

Package: gtools
Source: CRAN
Version: 3.4.1
Hash: e4c2510a4ba86b5826f05d9f3639cb13

Package: labeling
Source: CRAN
Version: 0.2
Hash: 25f63495dfb737e67bd75fc1eb58ff2c

Package: lattice
Source: CRAN
Version: 0.20-29
Hash: 17e9fe582d11197544a5ec817a80b21e

Package: lme4
Source: CRAN
Version: 1.1-7
Hash: 0c0115e8f00468d7dafd090f4dc63e6f
Requires: lattice, MASS, Matrix, minqa, nlme, nloptr, Rcpp, RcppEigen

Package: MASS
Source: CRAN
Version: 7.3-33
Hash: a39763fb1980843f13616be87e879ac9

Package: Matrix
Source: CRAN
Version: 1.1-4
Hash: 09826c0d5d08defcc73e71afda63590c
Requires: lattice

Package: minqa
Source: CRAN
Version: 1.2.3
Hash: 630e53c8dde0337785ecad3e582cf2d7
Requires: Rcpp

Package: munsell
Source: CRAN
Version: 0.4.2
Hash: fa8af6d040041439b249351e9d16ae9a
Requires: colorspace

Package: mvabund
Source: CRAN
Version: 3.9.1
Hash: 5317c55955bdb66ebe3635baf9b2059d
Requires: MASS, Rcpp, statmod, tweedie

Package: nlme
Source: CRAN
Version: 3.1-117
Hash: 2c835a1c4e1e0b48e614a8a4691a5ce3
Requires: lattice

Package: nloptr
Source: CRAN
Version: 1.0.4
Hash: 2197af13ece296fdf1dd8f8a4e5a40e1

Package: nnet
Source: CRAN
Version: 7.3-8
Hash: f04b41e75f1e25392acdaae59e6d3d4c

Package: packrat
Source: github
Version: 0.4.0.12
Hash: e738f79a22521c57fad67a1679302385973cd958
GithubRepo: packrat
GithubUsername: rstudio
GithubRef: master
GithubSha1: e738f79a22521c57fad67a1679302385973cd958

Package: permute
Source: CRAN
Version: 0.8-3
Hash: 92a39171e57ccc8c82abc65db2ef593d

Package: plyr
Source: CRAN
Version: 1.8.1
Hash: be21bad411e628f810a92212e17b5be7
Requires: Rcpp

Package: proto
Source: CRAN
Version: 0.3-10
Hash: 668a9e87cedbdc5f56c396edf1bd2648

Package: RColorBrewer
Source: CRAN
Version: 1.0-5
Hash: 6a849b729bec970204ca88b96906adbc

Package: Rcpp
Source: CRAN
Version: 0.11.2
Hash: ef2b1a5e45d1461bd720e4ebbe48e601

Package: RcppEigen
Source: CRAN
Version: 0.3.2.1.2
Hash: 31072bd8091768db4f7da2adc592feb7
Requires: Matrix, Rcpp

Package: reshape
Source: CRAN
Version: 0.8.5
Hash: 3a8bcdf002df52627d35dfab189711f4
Requires: plyr

Package: reshape2
Source: CRAN
Version: 1.4
Hash: b210925e978fd52ad5eb0822a353e7ce
Requires: plyr, Rcpp, stringr

Package: rJava
Source: CRAN
Version: 0.9-6
Hash: 5ea21341e7c1d6a40cdde6ef470fec92

Package: scales
Source: CRAN
Version: 0.2.4
Hash: b8b1af97bd07818605223060386b00dd
Requires: dichromat, labeling, munsell, plyr, RColorBrewer

Package: statmod
Source: CRAN
Version: 1.4.20
Hash: 3b2a3a253266e390e4b53f7cf4c00a6f

Package: stringr
Source: CRAN
Version: 0.6.2
Hash: cdde0cfa0f52cffeaca23a11a3899779

Package: tweedie
Source: CRAN
Version: 2.2.1
Hash: 4786d6ef24a74c6fd38fd7fc6c09696f

Package: vegan
Source: CRAN
Version: 2.0-10
Hash: e8d0d575c0cbce6da2c8777ac291e5aa
Requires: lattice, permute

Package: XLConnect
Source: CRAN
Version: 0.2-8
Hash: d08e0a145ac0c65c5298fc917db76679
Requires: rJava, XLConnectJars

Package: XLConnectJars
Source: CRAN
Version: 0.2-8
Hash: 7e58e27291b7bea993c1cd32b37d7ce6
Requires: rJava

Package: xlsx
Source: CRAN
Version: 0.5.5
Hash: 1505640d00424c3ea63589a2af905d32
Requires: rJava, xlsxjars

Package: xlsxjars
Source: CRAN
Version: 0.6.0
Hash: e6a7302fda9667218ce583e8ece9cd67
Requires: rJava
